
Microsoft Visual Studio Solution File, Format Version 12.00
# Visual Studio Version 16
VisualStudioVersion = 16.0.31112.23
MinimumVisualStudioVersion = 10.0.40219.1
Project("{8BC9CEB8-8B4A-11D0-8D11-00A0C91BC942}") = "C_Study34", "C_Study34\C_Study34.vcxproj", "{62C09191-0B2A-4C33-B54C-D7E1878903BD}"
EndProject
Global
	GlobalSection(SolutionConfigurationPlatforms) = preSolution
		Debug|x64 = Debug|x64
		Debug|x86 = Debug|x86
		Release|x64 = Release|x64
		Release|x86 = Release|x86
	EndGlobalSection
	GlobalSection(ProjectConfigurationPlatforms) = postSolution
		{62C09191-0B2A-4C33-B54C-D7E1878903BD}.Debug|x64.ActiveCfg = Debug|x64
		{62C09191-0B2A-4C33-B54C-D7E1878903BD}.Debug|x64.Build.0 = Debug|x64
		{62C09191-0B2A-4C33-B54C-D7E1878903BD}.Debug|x86.ActiveCfg = Debug|Win32
		{62C09191-0B2A-4C33-B54C-D7E1878903BD}.Debug|x86.Build.0 = Debug|Win32
		{62C09191-0B2A-4C33-B54C-D7E1878903BD}.Release|x64.ActiveCfg = Release|x64
		{62C09191-0B2A-4C33-B54C-D7E1878903BD}.Release|x64.Build.0 = Release|x64
		{62C09191-0B2A-4C33-B54C-D7E1878903BD}.Release|x86.ActiveCfg = Release|Win32
		{62C09191-0B2A-4C33-B54C-D7E1878903BD}.Release|x86.Build.0 = Release|Win32
	EndGlobalSection
	GlobalSection(SolutionProperties) = preSolution
		HideSolutionNode = FALSE
	EndGlobalSection
	GlobalSection(ExtensibilityGlobals) = postSolution
		SolutionGuid = {6B010DA0-633D-4107-82F9-D912AFA00228}
	EndGlobalSection
EndGlobal
