
Microsoft Visual Studio Solution File, Format Version 12.00
# Visual Studio Version 16
VisualStudioVersion = 16.0.31229.75
MinimumVisualStudioVersion = 10.0.40219.1
Project("{8BC9CEB8-8B4A-11D0-8D11-00A0C91BC942}") = "C_Study61", "C_Study61\C_Study61.vcxproj", "{745FB0D9-0022-404A-BAEA-65E9E072C0DB}"
EndProject
Global
	GlobalSection(SolutionConfigurationPlatforms) = preSolution
		Debug|x64 = Debug|x64
		Debug|x86 = Debug|x86
		Release|x64 = Release|x64
		Release|x86 = Release|x86
	EndGlobalSection
	GlobalSection(ProjectConfigurationPlatforms) = postSolution
		{745FB0D9-0022-404A-BAEA-65E9E072C0DB}.Debug|x64.ActiveCfg = Debug|x64
		{745FB0D9-0022-404A-BAEA-65E9E072C0DB}.Debug|x64.Build.0 = Debug|x64
		{745FB0D9-0022-404A-BAEA-65E9E072C0DB}.Debug|x86.ActiveCfg = Debug|Win32
		{745FB0D9-0022-404A-BAEA-65E9E072C0DB}.Debug|x86.Build.0 = Debug|Win32
		{745FB0D9-0022-404A-BAEA-65E9E072C0DB}.Release|x64.ActiveCfg = Release|x64
		{745FB0D9-0022-404A-BAEA-65E9E072C0DB}.Release|x64.Build.0 = Release|x64
		{745FB0D9-0022-404A-BAEA-65E9E072C0DB}.Release|x86.ActiveCfg = Release|Win32
		{745FB0D9-0022-404A-BAEA-65E9E072C0DB}.Release|x86.Build.0 = Release|Win32
	EndGlobalSection
	GlobalSection(SolutionProperties) = preSolution
		HideSolutionNode = FALSE
	EndGlobalSection
	GlobalSection(ExtensibilityGlobals) = postSolution
		SolutionGuid = {499DF620-81EF-4720-9544-90E270F4009D}
	EndGlobalSection
EndGlobal
