
Microsoft Visual Studio Solution File, Format Version 12.00
# Visual Studio Version 16
VisualStudioVersion = 16.0.31229.75
MinimumVisualStudioVersion = 10.0.40219.1
Project("{8BC9CEB8-8B4A-11D0-8D11-00A0C91BC942}") = "C_Study60", "C_Study60\C_Study60.vcxproj", "{1783BEBB-66E3-4E02-8C5F-F8234D5C266D}"
EndProject
Global
	GlobalSection(SolutionConfigurationPlatforms) = preSolution
		Debug|x64 = Debug|x64
		Debug|x86 = Debug|x86
		Release|x64 = Release|x64
		Release|x86 = Release|x86
	EndGlobalSection
	GlobalSection(ProjectConfigurationPlatforms) = postSolution
		{1783BEBB-66E3-4E02-8C5F-F8234D5C266D}.Debug|x64.ActiveCfg = Debug|x64
		{1783BEBB-66E3-4E02-8C5F-F8234D5C266D}.Debug|x64.Build.0 = Debug|x64
		{1783BEBB-66E3-4E02-8C5F-F8234D5C266D}.Debug|x86.ActiveCfg = Debug|Win32
		{1783BEBB-66E3-4E02-8C5F-F8234D5C266D}.Debug|x86.Build.0 = Debug|Win32
		{1783BEBB-66E3-4E02-8C5F-F8234D5C266D}.Release|x64.ActiveCfg = Release|x64
		{1783BEBB-66E3-4E02-8C5F-F8234D5C266D}.Release|x64.Build.0 = Release|x64
		{1783BEBB-66E3-4E02-8C5F-F8234D5C266D}.Release|x86.ActiveCfg = Release|Win32
		{1783BEBB-66E3-4E02-8C5F-F8234D5C266D}.Release|x86.Build.0 = Release|Win32
	EndGlobalSection
	GlobalSection(SolutionProperties) = preSolution
		HideSolutionNode = FALSE
	EndGlobalSection
	GlobalSection(ExtensibilityGlobals) = postSolution
		SolutionGuid = {3DE66B91-6509-4A41-8C98-43B42005FCEC}
	EndGlobalSection
EndGlobal
