
Microsoft Visual Studio Solution File, Format Version 12.00
# Visual Studio Version 16
VisualStudioVersion = 16.0.30907.101
MinimumVisualStudioVersion = 10.0.40219.1
Project("{8BC9CEB8-8B4A-11D0-8D11-00A0C91BC942}") = "C_Study14", "C_Study14\C_Study14.vcxproj", "{F7254B1F-8FCB-4A70-B125-E042794B2DD1}"
EndProject
Global
	GlobalSection(SolutionConfigurationPlatforms) = preSolution
		Debug|x64 = Debug|x64
		Debug|x86 = Debug|x86
		Release|x64 = Release|x64
		Release|x86 = Release|x86
	EndGlobalSection
	GlobalSection(ProjectConfigurationPlatforms) = postSolution
		{F7254B1F-8FCB-4A70-B125-E042794B2DD1}.Debug|x64.ActiveCfg = Debug|x64
		{F7254B1F-8FCB-4A70-B125-E042794B2DD1}.Debug|x64.Build.0 = Debug|x64
		{F7254B1F-8FCB-4A70-B125-E042794B2DD1}.Debug|x86.ActiveCfg = Debug|Win32
		{F7254B1F-8FCB-4A70-B125-E042794B2DD1}.Debug|x86.Build.0 = Debug|Win32
		{F7254B1F-8FCB-4A70-B125-E042794B2DD1}.Release|x64.ActiveCfg = Release|x64
		{F7254B1F-8FCB-4A70-B125-E042794B2DD1}.Release|x64.Build.0 = Release|x64
		{F7254B1F-8FCB-4A70-B125-E042794B2DD1}.Release|x86.ActiveCfg = Release|Win32
		{F7254B1F-8FCB-4A70-B125-E042794B2DD1}.Release|x86.Build.0 = Release|Win32
	EndGlobalSection
	GlobalSection(SolutionProperties) = preSolution
		HideSolutionNode = FALSE
	EndGlobalSection
	GlobalSection(ExtensibilityGlobals) = postSolution
		SolutionGuid = {E1D620A1-6A8C-486B-816E-1941028919DD}
	EndGlobalSection
EndGlobal
