
Microsoft Visual Studio Solution File, Format Version 12.00
# Visual Studio Version 16
VisualStudioVersion = 16.0.30907.101
MinimumVisualStudioVersion = 10.0.40219.1
Project("{8BC9CEB8-8B4A-11D0-8D11-00A0C91BC942}") = "C_Study16", "C_Study16\C_Study16.vcxproj", "{DC88BF27-D2F4-4661-AF6E-7FB54E58DAE8}"
EndProject
Global
	GlobalSection(SolutionConfigurationPlatforms) = preSolution
		Debug|x64 = Debug|x64
		Debug|x86 = Debug|x86
		Release|x64 = Release|x64
		Release|x86 = Release|x86
	EndGlobalSection
	GlobalSection(ProjectConfigurationPlatforms) = postSolution
		{DC88BF27-D2F4-4661-AF6E-7FB54E58DAE8}.Debug|x64.ActiveCfg = Debug|x64
		{DC88BF27-D2F4-4661-AF6E-7FB54E58DAE8}.Debug|x64.Build.0 = Debug|x64
		{DC88BF27-D2F4-4661-AF6E-7FB54E58DAE8}.Debug|x86.ActiveCfg = Debug|Win32
		{DC88BF27-D2F4-4661-AF6E-7FB54E58DAE8}.Debug|x86.Build.0 = Debug|Win32
		{DC88BF27-D2F4-4661-AF6E-7FB54E58DAE8}.Release|x64.ActiveCfg = Release|x64
		{DC88BF27-D2F4-4661-AF6E-7FB54E58DAE8}.Release|x64.Build.0 = Release|x64
		{DC88BF27-D2F4-4661-AF6E-7FB54E58DAE8}.Release|x86.ActiveCfg = Release|Win32
		{DC88BF27-D2F4-4661-AF6E-7FB54E58DAE8}.Release|x86.Build.0 = Release|Win32
	EndGlobalSection
	GlobalSection(SolutionProperties) = preSolution
		HideSolutionNode = FALSE
	EndGlobalSection
	GlobalSection(ExtensibilityGlobals) = postSolution
		SolutionGuid = {3B1B4507-A1F7-4AD3-A25D-ECCD8EE481A6}
	EndGlobalSection
EndGlobal
